
Microsoft Visual Studio Solution File, Format Version 12.00
# Visual Studio Version 16
VisualStudioVersion = 16.0.30011.22
MinimumVisualStudioVersion = 10.0.40219.1
Project("{FAE04EC0-301F-11D3-BF4B-00C04F79EFBC}") = "Pluck.Android", "Pluck\Pluck.Android\Pluck.Android.csproj", "{1BB230EB-CF7E-4D7E-A64E-E9DCBD736FC4}"
EndProject
Project("{FAE04EC0-301F-11D3-BF4B-00C04F79EFBC}") = "Pluck.iOS", "Pluck\Pluck.iOS\Pluck.iOS.csproj", "{3A9EFD98-0587-4785-B14E-630493765E07}"
EndProject
Project("{FAE04EC0-301F-11D3-BF4B-00C04F79EFBC}") = "Pluck", "Pluck\Pluck\Pluck.csproj", "{1D7272D6-6230-40AA-A07A-D0065740126F}"
EndProject
Global
	GlobalSection(SolutionConfigurationPlatforms) = preSolution
		Debug|Any CPU = Debug|Any CPU
		Debug|iPhone = Debug|iPhone
		Debug|iPhoneSimulator = Debug|iPhoneSimulator
		Release|Any CPU = Release|Any CPU
		Release|iPhone = Release|iPhone
		Release|iPhoneSimulator = Release|iPhoneSimulator
	EndGlobalSection
	GlobalSection(ProjectConfigurationPlatforms) = postSolution
		{1BB230EB-CF7E-4D7E-A64E-E9DCBD736FC4}.Debug|Any CPU.ActiveCfg = Debug|Any CPU
		{1BB230EB-CF7E-4D7E-A64E-E9DCBD736FC4}.Debug|Any CPU.Build.0 = Debug|Any CPU
		{1BB230EB-CF7E-4D7E-A64E-E9DCBD736FC4}.Debug|Any CPU.Deploy.0 = Debug|Any CPU
		{1BB230EB-CF7E-4D7E-A64E-E9DCBD736FC4}.Debug|iPhone.ActiveCfg = Debug|Any CPU
		{1BB230EB-CF7E-4D7E-A64E-E9DCBD736FC4}.Debug|iPhone.Build.0 = Debug|Any CPU
		{1BB230EB-CF7E-4D7E-A64E-E9DCBD736FC4}.Debug|iPhone.Deploy.0 = Debug|Any CPU
		{1BB230EB-CF7E-4D7E-A64E-E9DCBD736FC4}.Debug|iPhoneSimulator.ActiveCfg = Debug|Any CPU
		{1BB230EB-CF7E-4D7E-A64E-E9DCBD736FC4}.Debug|iPhoneSimulator.Build.0 = Debug|Any CPU
		{1BB230EB-CF7E-4D7E-A64E-E9DCBD736FC4}.Debug|iPhoneSimulator.Deploy.0 = Debug|Any CPU
		{1BB230EB-CF7E-4D7E-A64E-E9DCBD736FC4}.Release|Any CPU.ActiveCfg = Release|Any CPU
		{1BB230EB-CF7E-4D7E-A64E-E9DCBD736FC4}.Release|Any CPU.Build.0 = Release|Any CPU
		{1BB230EB-CF7E-4D7E-A64E-E9DCBD736FC4}.Release|Any CPU.Deploy.0 = Release|Any CPU
		{1BB230EB-CF7E-4D7E-A64E-E9DCBD736FC4}.Release|iPhone.ActiveCfg = Release|Any CPU
		{1BB230EB-CF7E-4D7E-A64E-E9DCBD736FC4}.Release|iPhone.Build.0 = Release|Any CPU
		{1BB230EB-CF7E-4D7E-A64E-E9DCBD736FC4}.Release|iPhone.Deploy.0 = Release|Any CPU
		{1BB230EB-CF7E-4D7E-A64E-E9DCBD736FC4}.Release|iPhoneSimulator.ActiveCfg = Release|Any CPU
		{1BB230EB-CF7E-4D7E-A64E-E9DCBD736FC4}.Release|iPhoneSimulator.Build.0 = Release|Any CPU
		{1BB230EB-CF7E-4D7E-A64E-E9DCBD736FC4}.Release|iPhoneSimulator.Deploy.0 = Release|Any CPU
		{3A9EFD98-0587-4785-B14E-630493765E07}.Debug|Any CPU.ActiveCfg = Debug|iPhone
		{3A9EFD98-0587-4785-B14E-630493765E07}.Debug|Any CPU.Build.0 = Debug|iPhone
		{3A9EFD98-0587-4785-B14E-630493765E07}.Debug|Any CPU.Deploy.0 = Debug|iPhone
		{3A9EFD98-0587-4785-B14E-630493765E07}.Debug|iPhone.ActiveCfg = Debug|iPhone
		{3A9EFD98-0587-4785-B14E-630493765E07}.Debug|iPhone.Build.0 = Debug|iPhone
		{3A9EFD98-0587-4785-B14E-630493765E07}.Debug|iPhone.Deploy.0 = Debug|iPhone
		{3A9EFD98-0587-4785-B14E-630493765E07}.Debug|iPhoneSimulator.ActiveCfg = Debug|iPhoneSimulator
		{3A9EFD98-0587-4785-B14E-630493765E07}.Debug|iPhoneSimulator.Build.0 = Debug|iPhoneSimulator
		{3A9EFD98-0587-4785-B14E-630493765E07}.Debug|iPhoneSimulator.Deploy.0 = Debug|iPhoneSimulator
		{3A9EFD98-0587-4785-B14E-630493765E07}.Release|Any CPU.ActiveCfg = Release|iPhone
		{3A9EFD98-0587-4785-B14E-630493765E07}.Release|Any CPU.Build.0 = Release|iPhone
		{3A9EFD98-0587-4785-B14E-630493765E07}.Release|Any CPU.Deploy.0 = Release|iPhone
		{3A9EFD98-0587-4785-B14E-630493765E07}.Release|iPhone.ActiveCfg = Release|iPhone
		{3A9EFD98-0587-4785-B14E-630493765E07}.Release|iPhone.Build.0 = Release|iPhone
		{3A9EFD98-0587-4785-B14E-630493765E07}.Release|iPhone.Deploy.0 = Release|iPhone
		{3A9EFD98-0587-4785-B14E-630493765E07}.Release|iPhoneSimulator.ActiveCfg = Release|iPhoneSimulator
		{3A9EFD98-0587-4785-B14E-630493765E07}.Release|iPhoneSimulator.Build.0 = Release|iPhoneSimulator
		{3A9EFD98-0587-4785-B14E-630493765E07}.Release|iPhoneSimulator.Deploy.0 = Release|iPhoneSimulator
		{1D7272D6-6230-40AA-A07A-D0065740126F}.Debug|Any CPU.ActiveCfg = Debug|Any CPU
		{1D7272D6-6230-40AA-A07A-D0065740126F}.Debug|Any CPU.Build.0 = Debug|Any CPU
		{1D7272D6-6230-40AA-A07A-D0065740126F}.Debug|Any CPU.Deploy.0 = Debug|Any CPU
		{1D7272D6-6230-40AA-A07A-D0065740126F}.Debug|iPhone.ActiveCfg = Debug|Any CPU
		{1D7272D6-6230-40AA-A07A-D0065740126F}.Debug|iPhone.Build.0 = Debug|Any CPU
		{1D7272D6-6230-40AA-A07A-D0065740126F}.Debug|iPhone.Deploy.0 = Debug|Any CPU
		{1D7272D6-6230-40AA-A07A-D0065740126F}.Debug|iPhoneSimulator.ActiveCfg = Debug|Any CPU
		{1D7272D6-6230-40AA-A07A-D0065740126F}.Debug|iPhoneSimulator.Build.0 = Debug|Any CPU
		{1D7272D6-6230-40AA-A07A-D0065740126F}.Debug|iPhoneSimulator.Deploy.0 = Debug|Any CPU
		{1D7272D6-6230-40AA-A07A-D0065740126F}.Release|Any CPU.ActiveCfg = Release|Any CPU
		{1D7272D6-6230-40AA-A07A-D0065740126F}.Release|Any CPU.Build.0 = Release|Any CPU
		{1D7272D6-6230-40AA-A07A-D0065740126F}.Release|Any CPU.Deploy.0 = Release|Any CPU
		{1D7272D6-6230-40AA-A07A-D0065740126F}.Release|iPhone.ActiveCfg = Release|Any CPU
		{1D7272D6-6230-40AA-A07A-D0065740126F}.Release|iPhone.Build.0 = Release|Any CPU
		{1D7272D6-6230-40AA-A07A-D0065740126F}.Release|iPhone.Deploy.0 = Release|Any CPU
		{1D7272D6-6230-40AA-A07A-D0065740126F}.Release|iPhoneSimulator.ActiveCfg = Release|Any CPU
		{1D7272D6-6230-40AA-A07A-D0065740126F}.Release|iPhoneSimulator.Build.0 = Release|Any CPU
		{1D7272D6-6230-40AA-A07A-D0065740126F}.Release|iPhoneSimulator.Deploy.0 = Release|Any CPU
	EndGlobalSection
	GlobalSection(SolutionProperties) = preSolution
		HideSolutionNode = FALSE
	EndGlobalSection
	GlobalSection(ExtensibilityGlobals) = postSolution
		SolutionGuid = {444F4E3B-041B-46B1-A5CD-1631A77634EC}
	EndGlobalSection
EndGlobal
